
Microsoft Visual Studio Solution File, Format Version 12.00
# Visual Studio 15
VisualStudioVersion = 15.0.27004.2005
MinimumVisualStudioVersion = 10.0.40219.1
Project("{9A19103F-16F7-4668-BE54-9A1E7A4F7556}") = "Core", "Core\Core.csproj", "{C4ADD5D5-1538-4C98-ABF1-9741DA4329E6}"
EndProject
Project("{FAE04EC0-301F-11D3-BF4B-00C04F79EFBC}") = "FairyUGUI", "FairyUGUI\FairyUGUI\FairyUGUI.csproj", "{476A8604-158A-4321-A34D-80B8C815DB57}"
EndProject
Project("{FAE04EC0-301F-11D3-BF4B-00C04F79EFBC}") = "FairyUGUI_Editor", "FairyUGUI\FairyUGUI_Editor\FairyUGUI_Editor.csproj", "{70430B29-F10C-48D5-9E86-95558E4B0FE4}"
EndProject
Project("{9A19103F-16F7-4668-BE54-9A1E7A4F7556}") = "Game", "Game\Game.csproj", "{A2327194-CF60-41F5-8EB7-49433F2D8E81}"
EndProject
Project("{FAE04EC0-301F-11D3-BF4B-00C04F79EFBC}") = "Game.Editor", "Game.Editor\Game.Editor.csproj", "{0CA0D7FD-A6E1-4617-A936-E8A8C20ACC0E}"
EndProject
Project("{FAE04EC0-301F-11D3-BF4B-00C04F79EFBC}") = "LogServer", "LogServer\LogServer.csproj", "{C6793A22-7B5C-4ED9-A47A-B0410EE8CC06}"
EndProject
Project("{FAE04EC0-301F-11D3-BF4B-00C04F79EFBC}") = "UnitTest", "UnitTest\UnitTest.csproj", "{43FD340C-F789-41B0-AFAF-5EAEEB0CDD85}"
EndProject
Project("{9A19103F-16F7-4668-BE54-9A1E7A4F7556}") = "ProtocolGenerator", "ProtocolGenerator\ProtocolGenerator.csproj", "{105A9A68-B908-44E6-85BB-FE1FA70BA75E}"
EndProject
Project("{FAE04EC0-301F-11D3-BF4B-00C04F79EFBC}") = "XLua.Mini", "XLua.Mini\XLua.Mini.csproj", "{342687C6-6150-43E4-896D-FAE95ECD305D}"
EndProject
Project("{FAE04EC0-301F-11D3-BF4B-00C04F79EFBC}") = "LuaBinder", "LuaBinder\LuaBinder.csproj", "{9B031D3C-56D7-46C0-B695-4DF5AFAD6386}"
EndProject
Global
	GlobalSection(SolutionConfigurationPlatforms) = preSolution
		Debug|Any CPU = Debug|Any CPU
		Debug|x64 = Debug|x64
		Debug|x86 = Debug|x86
		Release|Any CPU = Release|Any CPU
		Release|x64 = Release|x64
		Release|x86 = Release|x86
	EndGlobalSection
	GlobalSection(ProjectConfigurationPlatforms) = postSolution
		{C4ADD5D5-1538-4C98-ABF1-9741DA4329E6}.Debug|Any CPU.ActiveCfg = Debug|Any CPU
		{C4ADD5D5-1538-4C98-ABF1-9741DA4329E6}.Debug|Any CPU.Build.0 = Debug|Any CPU
		{C4ADD5D5-1538-4C98-ABF1-9741DA4329E6}.Debug|x64.ActiveCfg = Debug|Any CPU
		{C4ADD5D5-1538-4C98-ABF1-9741DA4329E6}.Debug|x64.Build.0 = Debug|Any CPU
		{C4ADD5D5-1538-4C98-ABF1-9741DA4329E6}.Debug|x86.ActiveCfg = Debug|Any CPU
		{C4ADD5D5-1538-4C98-ABF1-9741DA4329E6}.Debug|x86.Build.0 = Debug|Any CPU
		{C4ADD5D5-1538-4C98-ABF1-9741DA4329E6}.Release|Any CPU.ActiveCfg = Release|Any CPU
		{C4ADD5D5-1538-4C98-ABF1-9741DA4329E6}.Release|Any CPU.Build.0 = Release|Any CPU
		{C4ADD5D5-1538-4C98-ABF1-9741DA4329E6}.Release|x64.ActiveCfg = Release|Any CPU
		{C4ADD5D5-1538-4C98-ABF1-9741DA4329E6}.Release|x64.Build.0 = Release|Any CPU
		{C4ADD5D5-1538-4C98-ABF1-9741DA4329E6}.Release|x86.ActiveCfg = Release|Any CPU
		{C4ADD5D5-1538-4C98-ABF1-9741DA4329E6}.Release|x86.Build.0 = Release|Any CPU
		{476A8604-158A-4321-A34D-80B8C815DB57}.Debug|Any CPU.ActiveCfg = Debug|Any CPU
		{476A8604-158A-4321-A34D-80B8C815DB57}.Debug|Any CPU.Build.0 = Debug|Any CPU
		{476A8604-158A-4321-A34D-80B8C815DB57}.Debug|x64.ActiveCfg = Debug|x64
		{476A8604-158A-4321-A34D-80B8C815DB57}.Debug|x64.Build.0 = Debug|x64
		{476A8604-158A-4321-A34D-80B8C815DB57}.Debug|x86.ActiveCfg = Debug|x86
		{476A8604-158A-4321-A34D-80B8C815DB57}.Debug|x86.Build.0 = Debug|x86
		{476A8604-158A-4321-A34D-80B8C815DB57}.Release|Any CPU.ActiveCfg = Release|Any CPU
		{476A8604-158A-4321-A34D-80B8C815DB57}.Release|Any CPU.Build.0 = Release|Any CPU
		{476A8604-158A-4321-A34D-80B8C815DB57}.Release|x64.ActiveCfg = Release|x64
		{476A8604-158A-4321-A34D-80B8C815DB57}.Release|x64.Build.0 = Release|x64
		{476A8604-158A-4321-A34D-80B8C815DB57}.Release|x86.ActiveCfg = Release|x86
		{476A8604-158A-4321-A34D-80B8C815DB57}.Release|x86.Build.0 = Release|x86
		{70430B29-F10C-48D5-9E86-95558E4B0FE4}.Debug|Any CPU.ActiveCfg = Debug|Any CPU
		{70430B29-F10C-48D5-9E86-95558E4B0FE4}.Debug|Any CPU.Build.0 = Debug|Any CPU
		{70430B29-F10C-48D5-9E86-95558E4B0FE4}.Debug|x64.ActiveCfg = Debug|x64
		{70430B29-F10C-48D5-9E86-95558E4B0FE4}.Debug|x64.Build.0 = Debug|x64
		{70430B29-F10C-48D5-9E86-95558E4B0FE4}.Debug|x86.ActiveCfg = Debug|x86
		{70430B29-F10C-48D5-9E86-95558E4B0FE4}.Debug|x86.Build.0 = Debug|x86
		{70430B29-F10C-48D5-9E86-95558E4B0FE4}.Release|Any CPU.ActiveCfg = Release|Any CPU
		{70430B29-F10C-48D5-9E86-95558E4B0FE4}.Release|Any CPU.Build.0 = Release|Any CPU
		{70430B29-F10C-48D5-9E86-95558E4B0FE4}.Release|x64.ActiveCfg = Release|x64
		{70430B29-F10C-48D5-9E86-95558E4B0FE4}.Release|x64.Build.0 = Release|x64
		{70430B29-F10C-48D5-9E86-95558E4B0FE4}.Release|x86.ActiveCfg = Release|x86
		{70430B29-F10C-48D5-9E86-95558E4B0FE4}.Release|x86.Build.0 = Release|x86
		{A2327194-CF60-41F5-8EB7-49433F2D8E81}.Debug|Any CPU.ActiveCfg = Debug|Any CPU
		{A2327194-CF60-41F5-8EB7-49433F2D8E81}.Debug|Any CPU.Build.0 = Debug|Any CPU
		{A2327194-CF60-41F5-8EB7-49433F2D8E81}.Debug|x64.ActiveCfg = Debug|Any CPU
		{A2327194-CF60-41F5-8EB7-49433F2D8E81}.Debug|x64.Build.0 = Debug|Any CPU
		{A2327194-CF60-41F5-8EB7-49433F2D8E81}.Debug|x86.ActiveCfg = Debug|Any CPU
		{A2327194-CF60-41F5-8EB7-49433F2D8E81}.Debug|x86.Build.0 = Debug|Any CPU
		{A2327194-CF60-41F5-8EB7-49433F2D8E81}.Release|Any CPU.ActiveCfg = Release|Any CPU
		{A2327194-CF60-41F5-8EB7-49433F2D8E81}.Release|Any CPU.Build.0 = Release|Any CPU
		{A2327194-CF60-41F5-8EB7-49433F2D8E81}.Release|x64.ActiveCfg = Release|Any CPU
		{A2327194-CF60-41F5-8EB7-49433F2D8E81}.Release|x64.Build.0 = Release|Any CPU
		{A2327194-CF60-41F5-8EB7-49433F2D8E81}.Release|x86.ActiveCfg = Release|Any CPU
		{A2327194-CF60-41F5-8EB7-49433F2D8E81}.Release|x86.Build.0 = Release|Any CPU
		{0CA0D7FD-A6E1-4617-A936-E8A8C20ACC0E}.Debug|Any CPU.ActiveCfg = Debug|Any CPU
		{0CA0D7FD-A6E1-4617-A936-E8A8C20ACC0E}.Debug|Any CPU.Build.0 = Debug|Any CPU
		{0CA0D7FD-A6E1-4617-A936-E8A8C20ACC0E}.Debug|x64.ActiveCfg = Debug|x64
		{0CA0D7FD-A6E1-4617-A936-E8A8C20ACC0E}.Debug|x64.Build.0 = Debug|x64
		{0CA0D7FD-A6E1-4617-A936-E8A8C20ACC0E}.Debug|x86.ActiveCfg = Debug|x86
		{0CA0D7FD-A6E1-4617-A936-E8A8C20ACC0E}.Debug|x86.Build.0 = Debug|x86
		{0CA0D7FD-A6E1-4617-A936-E8A8C20ACC0E}.Release|Any CPU.ActiveCfg = Release|Any CPU
		{0CA0D7FD-A6E1-4617-A936-E8A8C20ACC0E}.Release|Any CPU.Build.0 = Release|Any CPU
		{0CA0D7FD-A6E1-4617-A936-E8A8C20ACC0E}.Release|x64.ActiveCfg = Release|x64
		{0CA0D7FD-A6E1-4617-A936-E8A8C20ACC0E}.Release|x64.Build.0 = Release|x64
		{0CA0D7FD-A6E1-4617-A936-E8A8C20ACC0E}.Release|x86.ActiveCfg = Release|x86
		{0CA0D7FD-A6E1-4617-A936-E8A8C20ACC0E}.Release|x86.Build.0 = Release|x86
		{C6793A22-7B5C-4ED9-A47A-B0410EE8CC06}.Debug|Any CPU.ActiveCfg = Debug|Any CPU
		{C6793A22-7B5C-4ED9-A47A-B0410EE8CC06}.Debug|Any CPU.Build.0 = Debug|Any CPU
		{C6793A22-7B5C-4ED9-A47A-B0410EE8CC06}.Debug|x64.ActiveCfg = Debug|Any CPU
		{C6793A22-7B5C-4ED9-A47A-B0410EE8CC06}.Debug|x64.Build.0 = Debug|Any CPU
		{C6793A22-7B5C-4ED9-A47A-B0410EE8CC06}.Debug|x86.ActiveCfg = Debug|Any CPU
		{C6793A22-7B5C-4ED9-A47A-B0410EE8CC06}.Debug|x86.Build.0 = Debug|Any CPU
		{C6793A22-7B5C-4ED9-A47A-B0410EE8CC06}.Release|Any CPU.ActiveCfg = Release|Any CPU
		{C6793A22-7B5C-4ED9-A47A-B0410EE8CC06}.Release|Any CPU.Build.0 = Release|Any CPU
		{C6793A22-7B5C-4ED9-A47A-B0410EE8CC06}.Release|x64.ActiveCfg = Release|Any CPU
		{C6793A22-7B5C-4ED9-A47A-B0410EE8CC06}.Release|x64.Build.0 = Release|Any CPU
		{C6793A22-7B5C-4ED9-A47A-B0410EE8CC06}.Release|x86.ActiveCfg = Release|Any CPU
		{C6793A22-7B5C-4ED9-A47A-B0410EE8CC06}.Release|x86.Build.0 = Release|Any CPU
		{43FD340C-F789-41B0-AFAF-5EAEEB0CDD85}.Debug|Any CPU.ActiveCfg = Debug|Any CPU
		{43FD340C-F789-41B0-AFAF-5EAEEB0CDD85}.Debug|Any CPU.Build.0 = Debug|Any CPU
		{43FD340C-F789-41B0-AFAF-5EAEEB0CDD85}.Debug|x64.ActiveCfg = Debug|Any CPU
		{43FD340C-F789-41B0-AFAF-5EAEEB0CDD85}.Debug|x64.Build.0 = Debug|Any CPU
		{43FD340C-F789-41B0-AFAF-5EAEEB0CDD85}.Debug|x86.ActiveCfg = Debug|Any CPU
		{43FD340C-F789-41B0-AFAF-5EAEEB0CDD85}.Debug|x86.Build.0 = Debug|Any CPU
		{43FD340C-F789-41B0-AFAF-5EAEEB0CDD85}.Release|Any CPU.ActiveCfg = Release|Any CPU
		{43FD340C-F789-41B0-AFAF-5EAEEB0CDD85}.Release|Any CPU.Build.0 = Release|Any CPU
		{43FD340C-F789-41B0-AFAF-5EAEEB0CDD85}.Release|x64.ActiveCfg = Release|Any CPU
		{43FD340C-F789-41B0-AFAF-5EAEEB0CDD85}.Release|x64.Build.0 = Release|Any CPU
		{43FD340C-F789-41B0-AFAF-5EAEEB0CDD85}.Release|x86.ActiveCfg = Release|Any CPU
		{43FD340C-F789-41B0-AFAF-5EAEEB0CDD85}.Release|x86.Build.0 = Release|Any CPU
		{105A9A68-B908-44E6-85BB-FE1FA70BA75E}.Debug|Any CPU.ActiveCfg = Debug|Any CPU
		{105A9A68-B908-44E6-85BB-FE1FA70BA75E}.Debug|Any CPU.Build.0 = Debug|Any CPU
		{105A9A68-B908-44E6-85BB-FE1FA70BA75E}.Debug|x64.ActiveCfg = Debug|Any CPU
		{105A9A68-B908-44E6-85BB-FE1FA70BA75E}.Debug|x64.Build.0 = Debug|Any CPU
		{105A9A68-B908-44E6-85BB-FE1FA70BA75E}.Debug|x86.ActiveCfg = Debug|Any CPU
		{105A9A68-B908-44E6-85BB-FE1FA70BA75E}.Debug|x86.Build.0 = Debug|Any CPU
		{105A9A68-B908-44E6-85BB-FE1FA70BA75E}.Release|Any CPU.ActiveCfg = Release|Any CPU
		{105A9A68-B908-44E6-85BB-FE1FA70BA75E}.Release|Any CPU.Build.0 = Release|Any CPU
		{105A9A68-B908-44E6-85BB-FE1FA70BA75E}.Release|x64.ActiveCfg = Release|Any CPU
		{105A9A68-B908-44E6-85BB-FE1FA70BA75E}.Release|x64.Build.0 = Release|Any CPU
		{105A9A68-B908-44E6-85BB-FE1FA70BA75E}.Release|x86.ActiveCfg = Release|Any CPU
		{105A9A68-B908-44E6-85BB-FE1FA70BA75E}.Release|x86.Build.0 = Release|Any CPU
		{342687C6-6150-43E4-896D-FAE95ECD305D}.Debug|Any CPU.ActiveCfg = Debug|Any CPU
		{342687C6-6150-43E4-896D-FAE95ECD305D}.Debug|Any CPU.Build.0 = Debug|Any CPU
		{342687C6-6150-43E4-896D-FAE95ECD305D}.Debug|x64.ActiveCfg = Debug|Any CPU
		{342687C6-6150-43E4-896D-FAE95ECD305D}.Debug|x64.Build.0 = Debug|Any CPU
		{342687C6-6150-43E4-896D-FAE95ECD305D}.Debug|x86.ActiveCfg = Debug|Any CPU
		{342687C6-6150-43E4-896D-FAE95ECD305D}.Debug|x86.Build.0 = Debug|Any CPU
		{342687C6-6150-43E4-896D-FAE95ECD305D}.Release|Any CPU.ActiveCfg = Release|Any CPU
		{342687C6-6150-43E4-896D-FAE95ECD305D}.Release|Any CPU.Build.0 = Release|Any CPU
		{342687C6-6150-43E4-896D-FAE95ECD305D}.Release|x64.ActiveCfg = Release|Any CPU
		{342687C6-6150-43E4-896D-FAE95ECD305D}.Release|x64.Build.0 = Release|Any CPU
		{342687C6-6150-43E4-896D-FAE95ECD305D}.Release|x86.ActiveCfg = Release|Any CPU
		{342687C6-6150-43E4-896D-FAE95ECD305D}.Release|x86.Build.0 = Release|Any CPU
		{9B031D3C-56D7-46C0-B695-4DF5AFAD6386}.Debug|Any CPU.ActiveCfg = Debug|x64
		{9B031D3C-56D7-46C0-B695-4DF5AFAD6386}.Debug|Any CPU.Build.0 = Debug|x64
		{9B031D3C-56D7-46C0-B695-4DF5AFAD6386}.Debug|x64.ActiveCfg = Debug|Any CPU
		{9B031D3C-56D7-46C0-B695-4DF5AFAD6386}.Debug|x64.Build.0 = Debug|Any CPU
		{9B031D3C-56D7-46C0-B695-4DF5AFAD6386}.Debug|x86.ActiveCfg = Debug|Any CPU
		{9B031D3C-56D7-46C0-B695-4DF5AFAD6386}.Debug|x86.Build.0 = Debug|Any CPU
		{9B031D3C-56D7-46C0-B695-4DF5AFAD6386}.Release|Any CPU.ActiveCfg = Release|Any CPU
		{9B031D3C-56D7-46C0-B695-4DF5AFAD6386}.Release|Any CPU.Build.0 = Release|Any CPU
		{9B031D3C-56D7-46C0-B695-4DF5AFAD6386}.Release|x64.ActiveCfg = Release|Any CPU
		{9B031D3C-56D7-46C0-B695-4DF5AFAD6386}.Release|x64.Build.0 = Release|Any CPU
		{9B031D3C-56D7-46C0-B695-4DF5AFAD6386}.Release|x86.ActiveCfg = Release|Any CPU
		{9B031D3C-56D7-46C0-B695-4DF5AFAD6386}.Release|x86.Build.0 = Release|Any CPU
	EndGlobalSection
	GlobalSection(SolutionProperties) = preSolution
		HideSolutionNode = FALSE
	EndGlobalSection
	GlobalSection(ExtensibilityGlobals) = postSolution
		SolutionGuid = {E1AF88CA-7067-470C-A3E8-0E0F18BDA5C3}
	EndGlobalSection
EndGlobal
